
Microsoft Visual Studio Solution File, Format Version 12.00
Project("{F2A71F9B-5D33-465A-A702-920D77279786}") = "VehicleTracking.FsAPI", "VehicleTracking.FsAPI\VehicleTracking.FsAPI.fsproj", "{C402F11C-3E96-485A-AAF7-08F089932DBE}"
EndProject
Project("{F2A71F9B-5D33-465A-A702-920D77279786}") = "VehicleTracking.Core", "VehicleTracking.Core\VehicleTracking.Core.fsproj", "{7C73A56C-37A1-4440-9392-4F764B25CD77}"
EndProject
Project("{FAE04EC0-301F-11D3-BF4B-00C04F79EFBC}") = "VehicleTracking.CsAPI", "VehicleTracking.CsAPI\VehicleTracking.CsAPI.csproj", "{CF5F2E01-699B-4476-B0E7-B413A3978525}"
EndProject
Global
	GlobalSection(SolutionConfigurationPlatforms) = preSolution
		Debug|Any CPU = Debug|Any CPU
		Release|Any CPU = Release|Any CPU
	EndGlobalSection
	GlobalSection(ProjectConfigurationPlatforms) = postSolution
		{C402F11C-3E96-485A-AAF7-08F089932DBE}.Debug|Any CPU.ActiveCfg = Debug|Any CPU
		{C402F11C-3E96-485A-AAF7-08F089932DBE}.Debug|Any CPU.Build.0 = Debug|Any CPU
		{C402F11C-3E96-485A-AAF7-08F089932DBE}.Release|Any CPU.ActiveCfg = Release|Any CPU
		{C402F11C-3E96-485A-AAF7-08F089932DBE}.Release|Any CPU.Build.0 = Release|Any CPU
		{7C73A56C-37A1-4440-9392-4F764B25CD77}.Debug|Any CPU.ActiveCfg = Debug|Any CPU
		{7C73A56C-37A1-4440-9392-4F764B25CD77}.Debug|Any CPU.Build.0 = Debug|Any CPU
		{7C73A56C-37A1-4440-9392-4F764B25CD77}.Release|Any CPU.ActiveCfg = Release|Any CPU
		{7C73A56C-37A1-4440-9392-4F764B25CD77}.Release|Any CPU.Build.0 = Release|Any CPU
		{CF5F2E01-699B-4476-B0E7-B413A3978525}.Debug|Any CPU.ActiveCfg = Debug|Any CPU
		{CF5F2E01-699B-4476-B0E7-B413A3978525}.Debug|Any CPU.Build.0 = Debug|Any CPU
		{CF5F2E01-699B-4476-B0E7-B413A3978525}.Release|Any CPU.ActiveCfg = Release|Any CPU
		{CF5F2E01-699B-4476-B0E7-B413A3978525}.Release|Any CPU.Build.0 = Release|Any CPU
	EndGlobalSection
EndGlobal
