
Microsoft Visual Studio Solution File, Format Version 12.00
# Visual Studio 15
VisualStudioVersion = 15.0.28010.2003
MinimumVisualStudioVersion = 10.0.40219.1
Project("{FAE04EC0-301F-11D3-BF4B-00C04F79EFBC}") = "Shared", "Shared\Shared.csproj", "{899435C8-0A42-4F04-B89E-823F158DF5B0}"
EndProject
Project("{FAE04EC0-301F-11D3-BF4B-00C04F79EFBC}") = "FibRequestor", "FibRequestor\FibRequestor.csproj", "{DD15243B-CF90-428C-B3E8-BB36DDAFC1AF}"
EndProject
Project("{FAE04EC0-301F-11D3-BF4B-00C04F79EFBC}") = "FibServer", "FibServer\FibServer.csproj", "{18867AEC-36C5-41F8-AF22-5557B0EDE8CA}"
EndProject
Project("{FAE04EC0-301F-11D3-BF4B-00C04F79EFBC}") = "FibListener", "FibListener\FibListener.csproj", "{306CC280-034B-4E18-B847-78F64C2178D1}"
EndProject
Project("{FAE04EC0-301F-11D3-BF4B-00C04F79EFBC}") = "FibAsyncClient", "FibAsyncClient\FibAsyncClient.csproj", "{B95C0572-F6AD-4FB4-A8F9-6409B8E38E3E}"
EndProject
Global
	GlobalSection(SolutionConfigurationPlatforms) = preSolution
		Debug|Any CPU = Debug|Any CPU
		Release|Any CPU = Release|Any CPU
	EndGlobalSection
	GlobalSection(ProjectConfigurationPlatforms) = postSolution
		{899435C8-0A42-4F04-B89E-823F158DF5B0}.Debug|Any CPU.ActiveCfg = Debug|Any CPU
		{899435C8-0A42-4F04-B89E-823F158DF5B0}.Debug|Any CPU.Build.0 = Debug|Any CPU
		{899435C8-0A42-4F04-B89E-823F158DF5B0}.Release|Any CPU.ActiveCfg = Release|Any CPU
		{899435C8-0A42-4F04-B89E-823F158DF5B0}.Release|Any CPU.Build.0 = Release|Any CPU
		{DD15243B-CF90-428C-B3E8-BB36DDAFC1AF}.Debug|Any CPU.ActiveCfg = Debug|Any CPU
		{DD15243B-CF90-428C-B3E8-BB36DDAFC1AF}.Debug|Any CPU.Build.0 = Debug|Any CPU
		{DD15243B-CF90-428C-B3E8-BB36DDAFC1AF}.Release|Any CPU.ActiveCfg = Release|Any CPU
		{DD15243B-CF90-428C-B3E8-BB36DDAFC1AF}.Release|Any CPU.Build.0 = Release|Any CPU
		{18867AEC-36C5-41F8-AF22-5557B0EDE8CA}.Debug|Any CPU.ActiveCfg = Debug|Any CPU
		{18867AEC-36C5-41F8-AF22-5557B0EDE8CA}.Debug|Any CPU.Build.0 = Debug|Any CPU
		{18867AEC-36C5-41F8-AF22-5557B0EDE8CA}.Release|Any CPU.ActiveCfg = Release|Any CPU
		{18867AEC-36C5-41F8-AF22-5557B0EDE8CA}.Release|Any CPU.Build.0 = Release|Any CPU
		{306CC280-034B-4E18-B847-78F64C2178D1}.Debug|Any CPU.ActiveCfg = Debug|Any CPU
		{306CC280-034B-4E18-B847-78F64C2178D1}.Debug|Any CPU.Build.0 = Debug|Any CPU
		{306CC280-034B-4E18-B847-78F64C2178D1}.Release|Any CPU.ActiveCfg = Release|Any CPU
		{306CC280-034B-4E18-B847-78F64C2178D1}.Release|Any CPU.Build.0 = Release|Any CPU
		{B95C0572-F6AD-4FB4-A8F9-6409B8E38E3E}.Debug|Any CPU.ActiveCfg = Debug|Any CPU
		{B95C0572-F6AD-4FB4-A8F9-6409B8E38E3E}.Debug|Any CPU.Build.0 = Debug|Any CPU
		{B95C0572-F6AD-4FB4-A8F9-6409B8E38E3E}.Release|Any CPU.ActiveCfg = Release|Any CPU
		{B95C0572-F6AD-4FB4-A8F9-6409B8E38E3E}.Release|Any CPU.Build.0 = Release|Any CPU
	EndGlobalSection
	GlobalSection(SolutionProperties) = preSolution
		HideSolutionNode = FALSE
	EndGlobalSection
	GlobalSection(ExtensibilityGlobals) = postSolution
		SolutionGuid = {09F95662-ECC3-4126-81B6-E6A9077572FE}
	EndGlobalSection
EndGlobal
